
Microsoft Visual Studio Solution File, Format Version 12.00
# Visual Studio Version 16
VisualStudioVersion = 16.0.29613.14
MinimumVisualStudioVersion = 10.0.40219.1
Project("{FAE04EC0-301F-11D3-BF4B-00C04F79EFBC}") = "MenuApi", "MenuApi.csproj", "{D32B81CF-2F93-40A4-954F-98A3E2DB4EFC}"
EndProject
Global
	GlobalSection(SolutionConfigurationPlatforms) = preSolution
		Debug|Any CPU = Debug|Any CPU
		Release|Any CPU = Release|Any CPU
	EndGlobalSection
	GlobalSection(ProjectConfigurationPlatforms) = postSolution
		{D32B81CF-2F93-40A4-954F-98A3E2DB4EFC}.Debug|Any CPU.ActiveCfg = Debug|Any CPU
		{D32B81CF-2F93-40A4-954F-98A3E2DB4EFC}.Debug|Any CPU.Build.0 = Debug|Any CPU
		{D32B81CF-2F93-40A4-954F-98A3E2DB4EFC}.Release|Any CPU.ActiveCfg = Release|Any CPU
		{D32B81CF-2F93-40A4-954F-98A3E2DB4EFC}.Release|Any CPU.Build.0 = Release|Any CPU
	EndGlobalSection
	GlobalSection(SolutionProperties) = preSolution
		HideSolutionNode = FALSE
	EndGlobalSection
	GlobalSection(ExtensibilityGlobals) = postSolution
		SolutionGuid = {2D8DF7A2-F9B8-40F4-8228-8CA2413BDA9F}
	EndGlobalSection
EndGlobal
